// !$*UTF8*$!
{
	archiveVersion = 1;
	classes = {
	};
	objectVersion = 51;
	objects = {

/* Begin PBXBuildFile section */
		1B68CAF8CF7C539F62BEBBD8 /* Pods_Kex.framework in Frameworks */ = {isa = PBXBuildFile; fileRef = 9984B561977F90CCA2BA2353 /* Pods_Kex.framework */; };
		4804AC2CF2CFCC720FEAFE91 /* Pods_KexTests.framework in Frameworks */ = {isa = PBXBuildFile; fileRef = C5D2B47CD3773005DA15D35E /* Pods_KexTests.framework */; };
		7966DA250E241A97D61A7ED9 /* Pods_Kex_KexUITests.framework in Frameworks */ = {isa = PBXBuildFile; fileRef = 1E53CBCF964C066EF14B18CA /* Pods_Kex_KexUITests.framework */; };
		FE0DDD9324DCE2930036189A /* QuizViewController.swift in Sources */ = {isa = PBXBuildFile; fileRef = FE0DDD9224DCE2930036189A /* QuizViewController.swift */; };
		FE0DDD9524DCE9540036189A /* Question.swift in Sources */ = {isa = PBXBuildFile; fileRef = FE0DDD9424DCE9540036189A /* Question.swift */; };
		FE0DDD9724DCE9CC0036189A /* QuizType.swift in Sources */ = {isa = PBXBuildFile; fileRef = FE0DDD9624DCE9CC0036189A /* QuizType.swift */; };
		FE178EE124C8DCD1002A01A8 /* KexApi.swift in Sources */ = {isa = PBXBuildFile; fileRef = FE178EE024C8DCD1002A01A8 /* KexApi.swift */; };
		FE4D557324D0C5E10037A9BE /* QuizGroup.swift in Sources */ = {isa = PBXBuildFile; fileRef = FE4D557224D0C5E10037A9BE /* QuizGroup.swift */; };
		FE798F7D24C8E72B0061B89C /* LoginRequest.swift in Sources */ = {isa = PBXBuildFile; fileRef = FE798F7C24C8E72B0061B89C /* LoginRequest.swift */; };
		FEBCC6E624D6167D007CCC14 /* GroupViewCell.swift in Sources */ = {isa = PBXBuildFile; fileRef = FEBCC6E524D6167D007CCC14 /* GroupViewCell.swift */; };
		FEC5474024B96A8E00AEBD9B /* AppDelegate.swift in Sources */ = {isa = PBXBuildFile; fileRef = FEC5473F24B96A8E00AEBD9B /* AppDelegate.swift */; };
		FEC5474224B96A8E00AEBD9B /* SceneDelegate.swift in Sources */ = {isa = PBXBuildFile; fileRef = FEC5474124B96A8E00AEBD9B /* SceneDelegate.swift */; };
		FEC5474424B96A8E00AEBD9B /* FirstViewController.swift in Sources */ = {isa = PBXBuildFile; fileRef = FEC5474324B96A8E00AEBD9B /* FirstViewController.swift */; };
		FEC5474624B96A8E00AEBD9B /* SecondViewController.swift in Sources */ = {isa = PBXBuildFile; fileRef = FEC5474524B96A8E00AEBD9B /* SecondViewController.swift */; };
		FEC5474924B96A8E00AEBD9B /* Main.storyboard in Resources */ = {isa = PBXBuildFile; fileRef = FEC5474724B96A8E00AEBD9B /* Main.storyboard */; };
		FEC5474B24B96A8F00AEBD9B /* Assets.xcassets in Resources */ = {isa = PBXBuildFile; fileRef = FEC5474A24B96A8F00AEBD9B /* Assets.xcassets */; };
		FEC5474E24B96A8F00AEBD9B /* LaunchScreen.storyboard in Resources */ = {isa = PBXBuildFile; fileRef = FEC5474C24B96A8F00AEBD9B /* LaunchScreen.storyboard */; };
		FEC5475924B96A8F00AEBD9B /* KexTests.swift in Sources */ = {isa = PBXBuildFile; fileRef = FEC5475824B96A8F00AEBD9B /* KexTests.swift */; };
		FEC5476424B96A8F00AEBD9B /* KexUITests.swift in Sources */ = {isa = PBXBuildFile; fileRef = FEC5476324B96A8F00AEBD9B /* KexUITests.swift */; };
		FEC5477324B973BE00AEBD9B /* RegistrationViewController.swift in Sources */ = {isa = PBXBuildFile; fileRef = FEC5477224B973BE00AEBD9B /* RegistrationViewController.swift */; };
		FEC5477824B9F6B900AEBD9B /* Authorization.swift in Sources */ = {isa = PBXBuildFile; fileRef = FEC5477724B9F6B900AEBD9B /* Authorization.swift */; };
		FEC5477F24BAEFB000AEBD9B /* UserActions.swift in Sources */ = {isa = PBXBuildFile; fileRef = FEC5477E24BAEFB000AEBD9B /* UserActions.swift */; };
		FED2449E24E06AAD00B2B670 /* QuestionRegularCell.swift in Sources */ = {isa = PBXBuildFile; fileRef = FED2449D24E06AAD00B2B670 /* QuestionRegularCell.swift */; };
		FED244A024E06ACA00B2B670 /* QuestionYouMeCell.swift in Sources */ = {isa = PBXBuildFile; fileRef = FED2449F24E06ACA00B2B670 /* QuestionYouMeCell.swift */; };
		FED244A224E07EE500B2B670 /* CenterCropImageProcessor.swift in Sources */ = {isa = PBXBuildFile; fileRef = FED244A124E07EE500B2B670 /* CenterCropImageProcessor.swift */; };
		FEDFEFE124C8F33A004A3E0C /* RegistrationRequest.swift in Sources */ = {isa = PBXBuildFile; fileRef = FEDFEFE024C8F33A004A3E0C /* RegistrationRequest.swift */; };
		FEDFEFE324C8F96C004A3E0C /* Sex.swift in Sources */ = {isa = PBXBuildFile; fileRef = FEDFEFE224C8F96C004A3E0C /* Sex.swift */; };
		FEF8E1B624CF573E0010CFA0 /* RegistrationResult.swift in Sources */ = {isa = PBXBuildFile; fileRef = FEF8E1B524CF573E0010CFA0 /* RegistrationResult.swift */; };
/* End PBXBuildFile section */

/* Begin PBXContainerItemProxy section */
		FEC5475524B96A8F00AEBD9B /* PBXContainerItemProxy */ = {
			isa = PBXContainerItemProxy;
			containerPortal = FEC5473424B96A8E00AEBD9B /* Project object */;
			proxyType = 1;
			remoteGlobalIDString = FEC5473B24B96A8E00AEBD9B;
			remoteInfo = Kex;
		};
		FEC5476024B96A8F00AEBD9B /* PBXContainerItemProxy */ = {
			isa = PBXContainerItemProxy;
			containerPortal = FEC5473424B96A8E00AEBD9B /* Project object */;
			proxyType = 1;
			remoteGlobalIDString = FEC5473B24B96A8E00AEBD9B;
			remoteInfo = Kex;
		};
/* End PBXContainerItemProxy section */

/* Begin PBXFileReference section */
		1E53CBCF964C066EF14B18CA /* Pods_Kex_KexUITests.framework */ = {isa = PBXFileReference; explicitFileType = wrapper.framework; includeInIndex = 0; path = Pods_Kex_KexUITests.framework; sourceTree = BUILT_PRODUCTS_DIR; };
		28EE4BB6F4E9CB5913AE482F /* Pods-Kex-KexUITests.release.xcconfig */ = {isa = PBXFileReference; includeInIndex = 1; lastKnownFileType = text.xcconfig; name = "Pods-Kex-KexUITests.release.xcconfig"; path = "Target Support Files/Pods-Kex-KexUITests/Pods-Kex-KexUITests.release.xcconfig"; sourceTree = "<group>"; };
		32AC3FF16C40091DBFAD507E /* Pods-Kex.release.xcconfig */ = {isa = PBXFileReference; includeInIndex = 1; lastKnownFileType = text.xcconfig; name = "Pods-Kex.release.xcconfig"; path = "Target Support Files/Pods-Kex/Pods-Kex.release.xcconfig"; sourceTree = "<group>"; };
		39B4A47648C8051F0CEEE3DA /* Pods-KexTests.debug.xcconfig */ = {isa = PBXFileReference; includeInIndex = 1; lastKnownFileType = text.xcconfig; name = "Pods-KexTests.debug.xcconfig"; path = "Target Support Files/Pods-KexTests/Pods-KexTests.debug.xcconfig"; sourceTree = "<group>"; };
		996E10FD571981C83FDF7AEA /* Pods-Kex-KexUITests.debug.xcconfig */ = {isa = PBXFileReference; includeInIndex = 1; lastKnownFileType = text.xcconfig; name = "Pods-Kex-KexUITests.debug.xcconfig"; path = "Target Support Files/Pods-Kex-KexUITests/Pods-Kex-KexUITests.debug.xcconfig"; sourceTree = "<group>"; };
		9984B561977F90CCA2BA2353 /* Pods_Kex.framework */ = {isa = PBXFileReference; explicitFileType = wrapper.framework; includeInIndex = 0; path = Pods_Kex.framework; sourceTree = BUILT_PRODUCTS_DIR; };
		BF1B26E97721241A6D6A1C93 /* Pods-Kex.debug.xcconfig */ = {isa = PBXFileReference; includeInIndex = 1; lastKnownFileType = text.xcconfig; name = "Pods-Kex.debug.xcconfig"; path = "Target Support Files/Pods-Kex/Pods-Kex.debug.xcconfig"; sourceTree = "<group>"; };
		C5D2B47CD3773005DA15D35E /* Pods_KexTests.framework */ = {isa = PBXFileReference; explicitFileType = wrapper.framework; includeInIndex = 0; path = Pods_KexTests.framework; sourceTree = BUILT_PRODUCTS_DIR; };
		CC204FD24ECD90B7C1D41D70 /* Pods-KexTests.release.xcconfig */ = {isa = PBXFileReference; includeInIndex = 1; lastKnownFileType = text.xcconfig; name = "Pods-KexTests.release.xcconfig"; path = "Target Support Files/Pods-KexTests/Pods-KexTests.release.xcconfig"; sourceTree = "<group>"; };
		FE0DDD9224DCE2930036189A /* QuizViewController.swift */ = {isa = PBXFileReference; lastKnownFileType = sourcecode.swift; path = QuizViewController.swift; sourceTree = "<group>"; };
		FE0DDD9424DCE9540036189A /* Question.swift */ = {isa = PBXFileReference; lastKnownFileType = sourcecode.swift; path = Question.swift; sourceTree = "<group>"; };
		FE0DDD9624DCE9CC0036189A /* QuizType.swift */ = {isa = PBXFileReference; lastKnownFileType = sourcecode.swift; path = QuizType.swift; sourceTree = "<group>"; };
		FE178EE024C8DCD1002A01A8 /* KexApi.swift */ = {isa = PBXFileReference; lastKnownFileType = sourcecode.swift; path = KexApi.swift; sourceTree = "<group>"; };
		FE4D557224D0C5E10037A9BE /* QuizGroup.swift */ = {isa = PBXFileReference; lastKnownFileType = sourcecode.swift; path = QuizGroup.swift; sourceTree = "<group>"; };
		FE798F7C24C8E72B0061B89C /* LoginRequest.swift */ = {isa = PBXFileReference; lastKnownFileType = sourcecode.swift; path = LoginRequest.swift; sourceTree = "<group>"; };
		FEBCC6E524D6167D007CCC14 /* GroupViewCell.swift */ = {isa = PBXFileReference; lastKnownFileType = sourcecode.swift; path = GroupViewCell.swift; sourceTree = "<group>"; };
		FEC5473C24B96A8E00AEBD9B /* Kex.app */ = {isa = PBXFileReference; explicitFileType = wrapper.application; includeInIndex = 0; path = Kex.app; sourceTree = BUILT_PRODUCTS_DIR; };
		FEC5473F24B96A8E00AEBD9B /* AppDelegate.swift */ = {isa = PBXFileReference; lastKnownFileType = sourcecode.swift; path = AppDelegate.swift; sourceTree = "<group>"; };
		FEC5474124B96A8E00AEBD9B /* SceneDelegate.swift */ = {isa = PBXFileReference; lastKnownFileType = sourcecode.swift; path = SceneDelegate.swift; sourceTree = "<group>"; };
		FEC5474324B96A8E00AEBD9B /* FirstViewController.swift */ = {isa = PBXFileReference; lastKnownFileType = sourcecode.swift; path = FirstViewController.swift; sourceTree = "<group>"; };
		FEC5474524B96A8E00AEBD9B /* SecondViewController.swift */ = {isa = PBXFileReference; lastKnownFileType = sourcecode.swift; path = SecondViewController.swift; sourceTree = "<group>"; };
		FEC5474824B96A8E00AEBD9B /* Base */ = {isa = PBXFileReference; lastKnownFileType = file.storyboard; name = Base; path = Base.lproj/Main.storyboard; sourceTree = "<group>"; };
		FEC5474A24B96A8F00AEBD9B /* Assets.xcassets */ = {isa = PBXFileReference; lastKnownFileType = folder.assetcatalog; path = Assets.xcassets; sourceTree = "<group>"; };
		FEC5474D24B96A8F00AEBD9B /* Base */ = {isa = PBXFileReference; lastKnownFileType = file.storyboard; name = Base; path = Base.lproj/LaunchScreen.storyboard; sourceTree = "<group>"; };
		FEC5474F24B96A8F00AEBD9B /* Info.plist */ = {isa = PBXFileReference; lastKnownFileType = text.plist.xml; path = Info.plist; sourceTree = "<group>"; };
		FEC5475424B96A8F00AEBD9B /* KexTests.xctest */ = {isa = PBXFileReference; explicitFileType = wrapper.cfbundle; includeInIndex = 0; path = KexTests.xctest; sourceTree = BUILT_PRODUCTS_DIR; };
		FEC5475824B96A8F00AEBD9B /* KexTests.swift */ = {isa = PBXFileReference; lastKnownFileType = sourcecode.swift; path = KexTests.swift; sourceTree = "<group>"; };
		FEC5475A24B96A8F00AEBD9B /* Info.plist */ = {isa = PBXFileReference; lastKnownFileType = text.plist.xml; path = Info.plist; sourceTree = "<group>"; };
		FEC5475F24B96A8F00AEBD9B /* KexUITests.xctest */ = {isa = PBXFileReference; explicitFileType = wrapper.cfbundle; includeInIndex = 0; path = KexUITests.xctest; sourceTree = BUILT_PRODUCTS_DIR; };
		FEC5476324B96A8F00AEBD9B /* KexUITests.swift */ = {isa = PBXFileReference; lastKnownFileType = sourcecode.swift; path = KexUITests.swift; sourceTree = "<group>"; };
		FEC5476524B96A8F00AEBD9B /* Info.plist */ = {isa = PBXFileReference; lastKnownFileType = text.plist.xml; path = Info.plist; sourceTree = "<group>"; };
		FEC5477224B973BE00AEBD9B /* RegistrationViewController.swift */ = {isa = PBXFileReference; indentWidth = 3; lastKnownFileType = sourcecode.swift; path = RegistrationViewController.swift; sourceTree = "<group>"; };
		FEC5477724B9F6B900AEBD9B /* Authorization.swift */ = {isa = PBXFileReference; lastKnownFileType = sourcecode.swift; path = Authorization.swift; sourceTree = "<group>"; };
		FEC5477E24BAEFB000AEBD9B /* UserActions.swift */ = {isa = PBXFileReference; lastKnownFileType = sourcecode.swift; path = UserActions.swift; sourceTree = "<group>"; };
		FED2449D24E06AAD00B2B670 /* QuestionRegularCell.swift */ = {isa = PBXFileReference; lastKnownFileType = sourcecode.swift; path = QuestionRegularCell.swift; sourceTree = "<group>"; };
		FED2449F24E06ACA00B2B670 /* QuestionYouMeCell.swift */ = {isa = PBXFileReference; lastKnownFileType = sourcecode.swift; path = QuestionYouMeCell.swift; sourceTree = "<group>"; };
		FED244A124E07EE500B2B670 /* CenterCropImageProcessor.swift */ = {isa = PBXFileReference; lastKnownFileType = sourcecode.swift; path = CenterCropImageProcessor.swift; sourceTree = "<group>"; };
		FEDFEFE024C8F33A004A3E0C /* RegistrationRequest.swift */ = {isa = PBXFileReference; lastKnownFileType = sourcecode.swift; path = RegistrationRequest.swift; sourceTree = "<group>"; };
		FEDFEFE224C8F96C004A3E0C /* Sex.swift */ = {isa = PBXFileReference; lastKnownFileType = sourcecode.swift; path = Sex.swift; sourceTree = "<group>"; };
		FEF8E1B524CF573E0010CFA0 /* RegistrationResult.swift */ = {isa = PBXFileReference; lastKnownFileType = sourcecode.swift; path = RegistrationResult.swift; sourceTree = "<group>"; };
/* End PBXFileReference section */

/* Begin PBXFrameworksBuildPhase section */
		FEC5473924B96A8E00AEBD9B /* Frameworks */ = {
			isa = PBXFrameworksBuildPhase;
			buildActionMask = 2147483647;
			files = (
				1B68CAF8CF7C539F62BEBBD8 /* Pods_Kex.framework in Frameworks */,
			);
			runOnlyForDeploymentPostprocessing = 0;
		};
		FEC5475124B96A8F00AEBD9B /* Frameworks */ = {
			isa = PBXFrameworksBuildPhase;
			buildActionMask = 2147483647;
			files = (
				4804AC2CF2CFCC720FEAFE91 /* Pods_KexTests.framework in Frameworks */,
			);
			runOnlyForDeploymentPostprocessing = 0;
		};
		FEC5475C24B96A8F00AEBD9B /* Frameworks */ = {
			isa = PBXFrameworksBuildPhase;
			buildActionMask = 2147483647;
			files = (
				7966DA250E241A97D61A7ED9 /* Pods_Kex_KexUITests.framework in Frameworks */,
			);
			runOnlyForDeploymentPostprocessing = 0;
		};
/* End PBXFrameworksBuildPhase section */

/* Begin PBXGroup section */
		622D9983CF956063C917B464 /* Pods */ = {
			isa = PBXGroup;
			children = (
				BF1B26E97721241A6D6A1C93 /* Pods-Kex.debug.xcconfig */,
				32AC3FF16C40091DBFAD507E /* Pods-Kex.release.xcconfig */,
				996E10FD571981C83FDF7AEA /* Pods-Kex-KexUITests.debug.xcconfig */,
				28EE4BB6F4E9CB5913AE482F /* Pods-Kex-KexUITests.release.xcconfig */,
				39B4A47648C8051F0CEEE3DA /* Pods-KexTests.debug.xcconfig */,
				CC204FD24ECD90B7C1D41D70 /* Pods-KexTests.release.xcconfig */,
			);
			path = Pods;
			sourceTree = "<group>";
		};
		CB6BCC9D562AC7AEC3439B5A /* Frameworks */ = {
			isa = PBXGroup;
			children = (
				9984B561977F90CCA2BA2353 /* Pods_Kex.framework */,
				1E53CBCF964C066EF14B18CA /* Pods_Kex_KexUITests.framework */,
				C5D2B47CD3773005DA15D35E /* Pods_KexTests.framework */,
			);
			name = Frameworks;
			sourceTree = "<group>";
		};
		FE0DDD9124DCE2530036189A /* Question */ = {
			isa = PBXGroup;
			children = (
				FE0DDD9224DCE2930036189A /* QuizViewController.swift */,
				FED2449D24E06AAD00B2B670 /* QuestionRegularCell.swift */,
				FED2449F24E06ACA00B2B670 /* QuestionYouMeCell.swift */,
			);
			path = Question;
			sourceTree = "<group>";
		};
		FE4D557424D0CA160037A9BE /* Questions */ = {
			isa = PBXGroup;
			children = (
				FE0DDD9124DCE2530036189A /* Question */,
				FEC5474324B96A8E00AEBD9B /* FirstViewController.swift */,
				FEBCC6E524D6167D007CCC14 /* GroupViewCell.swift */,
			);
			path = Questions;
			sourceTree = "<group>";
		};
		FE798F7A24C8E70B0061B89C /* Model */ = {
			isa = PBXGroup;
			children = (
				FE798F7B24C8E7120061B89C /* Network */,
			);
			path = Model;
			sourceTree = "<group>";
		};
		FE798F7B24C8E7120061B89C /* Network */ = {
			isa = PBXGroup;
			children = (
				FE798F7C24C8E72B0061B89C /* LoginRequest.swift */,
				FEDFEFE024C8F33A004A3E0C /* RegistrationRequest.swift */,
				FEF8E1B524CF573E0010CFA0 /* RegistrationResult.swift */,
				FE4D557224D0C5E10037A9BE /* QuizGroup.swift */,
				FEDFEFE224C8F96C004A3E0C /* Sex.swift */,
				FE0DDD9624DCE9CC0036189A /* QuizType.swift */,
				FE0DDD9424DCE9540036189A /* Question.swift */,
			);
			path = Network;
			sourceTree = "<group>";
		};
		FEC5473324B96A8E00AEBD9B = {
			isa = PBXGroup;
			children = (
				FEC5473E24B96A8E00AEBD9B /* Kex */,
				FEC5475724B96A8F00AEBD9B /* KexTests */,
				FEC5476224B96A8F00AEBD9B /* KexUITests */,
				FEC5473D24B96A8E00AEBD9B /* Products */,
				622D9983CF956063C917B464 /* Pods */,
				CB6BCC9D562AC7AEC3439B5A /* Frameworks */,
			);
			sourceTree = "<group>";
		};
		FEC5473D24B96A8E00AEBD9B /* Products */ = {
			isa = PBXGroup;
			children = (
				FEC5473C24B96A8E00AEBD9B /* Kex.app */,
				FEC5475424B96A8F00AEBD9B /* KexTests.xctest */,
				FEC5475F24B96A8F00AEBD9B /* KexUITests.xctest */,
			);
			name = Products;
			sourceTree = "<group>";
		};
		FEC5473E24B96A8E00AEBD9B /* Kex */ = {
			isa = PBXGroup;
			children = (
				FE798F7A24C8E70B0061B89C /* Model */,
				FEC5477D24BAEFA100AEBD9B /* Controls */,
				FEC5477B24BADC8B00AEBD9B /* Main */,
				FEC5477624B9F6A500AEBD9B /* Authorization */,
				FEC5477124B9739E00AEBD9B /* Registration */,
				FEC5473F24B96A8E00AEBD9B /* AppDelegate.swift */,
				FEC5474124B96A8E00AEBD9B /* SceneDelegate.swift */,
				FEC5474524B96A8E00AEBD9B /* SecondViewController.swift */,
				FEC5474724B96A8E00AEBD9B /* Main.storyboard */,
				FEC5474A24B96A8F00AEBD9B /* Assets.xcassets */,
				FEC5474C24B96A8F00AEBD9B /* LaunchScreen.storyboard */,
				FEC5474F24B96A8F00AEBD9B /* Info.plist */,
			);
			path = Kex;
			sourceTree = "<group>";
		};
		FEC5475724B96A8F00AEBD9B /* KexTests */ = {
			isa = PBXGroup;
			children = (
				FEC5475824B96A8F00AEBD9B /* KexTests.swift */,
				FEC5475A24B96A8F00AEBD9B /* Info.plist */,
			);
			path = KexTests;
			sourceTree = "<group>";
		};
		FEC5476224B96A8F00AEBD9B /* KexUITests */ = {
			isa = PBXGroup;
			children = (
				FEC5476324B96A8F00AEBD9B /* KexUITests.swift */,
				FEC5476524B96A8F00AEBD9B /* Info.plist */,
			);
			path = KexUITests;
			sourceTree = "<group>";
		};
		FEC5477124B9739E00AEBD9B /* Registration */ = {
			isa = PBXGroup;
			children = (
				FEC5477224B973BE00AEBD9B /* RegistrationViewController.swift */,
			);
			path = Registration;
			sourceTree = "<group>";
		};
		FEC5477624B9F6A500AEBD9B /* Authorization */ = {
			isa = PBXGroup;
			children = (
				FEC5477724B9F6B900AEBD9B /* Authorization.swift */,
			);
			path = Authorization;
			sourceTree = "<group>";
		};
		FEC5477B24BADC8B00AEBD9B /* Main */ = {
			isa = PBXGroup;
			children = (
				FE4D557424D0CA160037A9BE /* Questions */,
			);
			path = Main;
			sourceTree = "<group>";
		};
		FEC5477D24BAEFA100AEBD9B /* Controls */ = {
			isa = PBXGroup;
			children = (
				FEC5477E24BAEFB000AEBD9B /* UserActions.swift */,
				FE178EE024C8DCD1002A01A8 /* KexApi.swift */,
				FED244A124E07EE500B2B670 /* CenterCropImageProcessor.swift */,
			);
			path = Controls;
			sourceTree = "<group>";
		};
/* End PBXGroup section */

/* Begin PBXNativeTarget section */
		FEC5473B24B96A8E00AEBD9B /* Kex */ = {
			isa = PBXNativeTarget;
			buildConfigurationList = FEC5476824B96A8F00AEBD9B /* Build configuration list for PBXNativeTarget "Kex" */;
			buildPhases = (
				09E68A892AFC80EBE9148F8A /* [CP] Check Pods Manifest.lock */,
				FEC5473824B96A8E00AEBD9B /* Sources */,
				FEC5473924B96A8E00AEBD9B /* Frameworks */,
				FEC5473A24B96A8E00AEBD9B /* Resources */,
				13389933B5AF149E90291868 /* [CP] Embed Pods Frameworks */,
			);
			buildRules = (
			);
			dependencies = (
			);
			name = Kex;
			productName = Kex;
			productReference = FEC5473C24B96A8E00AEBD9B /* Kex.app */;
			productType = "com.apple.product-type.application";
		};
		FEC5475324B96A8F00AEBD9B /* KexTests */ = {
			isa = PBXNativeTarget;
			buildConfigurationList = FEC5476B24B96A8F00AEBD9B /* Build configuration list for PBXNativeTarget "KexTests" */;
			buildPhases = (
				0CCFD2470274FC8A748573AA /* [CP] Check Pods Manifest.lock */,
				FEC5475024B96A8F00AEBD9B /* Sources */,
				FEC5475124B96A8F00AEBD9B /* Frameworks */,
				FEC5475224B96A8F00AEBD9B /* Resources */,
			);
			buildRules = (
			);
			dependencies = (
				FEC5475624B96A8F00AEBD9B /* PBXTargetDependency */,
			);
			name = KexTests;
			productName = KexTests;
			productReference = FEC5475424B96A8F00AEBD9B /* KexTests.xctest */;
			productType = "com.apple.product-type.bundle.unit-test";
		};
		FEC5475E24B96A8F00AEBD9B /* KexUITests */ = {
			isa = PBXNativeTarget;
			buildConfigurationList = FEC5476E24B96A8F00AEBD9B /* Build configuration list for PBXNativeTarget "KexUITests" */;
			buildPhases = (
				E43955410CD7B8ED605FFC39 /* [CP] Check Pods Manifest.lock */,
				FEC5475B24B96A8F00AEBD9B /* Sources */,
				FEC5475C24B96A8F00AEBD9B /* Frameworks */,
				FEC5475D24B96A8F00AEBD9B /* Resources */,
				0EA0242D390E1A82F1F9A4F4 /* [CP] Embed Pods Frameworks */,
			);
			buildRules = (
			);
			dependencies = (
				FEC5476124B96A8F00AEBD9B /* PBXTargetDependency */,
			);
			name = KexUITests;
			productName = KexUITests;
			productReference = FEC5475F24B96A8F00AEBD9B /* KexUITests.xctest */;
			productType = "com.apple.product-type.bundle.ui-testing";
		};
/* End PBXNativeTarget section */

/* Begin PBXProject section */
		FEC5473424B96A8E00AEBD9B /* Project object */ = {
			isa = PBXProject;
			attributes = {
				LastSwiftUpdateCheck = 1130;
				LastUpgradeCheck = 1130;
				ORGANIZATIONNAME = Karamyshev;
				TargetAttributes = {
					FEC5473B24B96A8E00AEBD9B = {
						CreatedOnToolsVersion = 11.3.1;
					};
					FEC5475324B96A8F00AEBD9B = {
						CreatedOnToolsVersion = 11.3.1;
						TestTargetID = FEC5473B24B96A8E00AEBD9B;
					};
					FEC5475E24B96A8F00AEBD9B = {
						CreatedOnToolsVersion = 11.3.1;
						TestTargetID = FEC5473B24B96A8E00AEBD9B;
					};
				};
			};
			buildConfigurationList = FEC5473724B96A8E00AEBD9B /* Build configuration list for PBXProject "Kex" */;
			compatibilityVersion = "Xcode 9.3";
			developmentRegion = en;
			hasScannedForEncodings = 0;
			knownRegions = (
				en,
				Base,
			);
			mainGroup = FEC5473324B96A8E00AEBD9B;
			productRefGroup = FEC5473D24B96A8E00AEBD9B /* Products */;
			projectDirPath = "";
			projectRoot = "";
			targets = (
				FEC5473B24B96A8E00AEBD9B /* Kex */,
				FEC5475324B96A8F00AEBD9B /* KexTests */,
				FEC5475E24B96A8F00AEBD9B /* KexUITests */,
			);
		};
/* End PBXProject section */

/* Begin PBXResourcesBuildPhase section */
		FEC5473A24B96A8E00AEBD9B /* Resources */ = {
			isa = PBXResourcesBuildPhase;
			buildActionMask = 2147483647;
			files = (
				FEC5474E24B96A8F00AEBD9B /* LaunchScreen.storyboard in Resources */,
				FEC5474B24B96A8F00AEBD9B /* Assets.xcassets in Resources */,
				FEC5474924B96A8E00AEBD9B /* Main.storyboard in Resources */,
			);
			runOnlyForDeploymentPostprocessing = 0;
		};
		FEC5475224B96A8F00AEBD9B /* Resources */ = {
			isa = PBXResourcesBuildPhase;
			buildActionMask = 2147483647;
			files = (
			);
			runOnlyForDeploymentPostprocessing = 0;
		};
		FEC5475D24B96A8F00AEBD9B /* Resources */ = {
			isa = PBXResourcesBuildPhase;
			buildActionMask = 2147483647;
			files = (
			);
			runOnlyForDeploymentPostprocessing = 0;
		};
/* End PBXResourcesBuildPhase section */

/* Begin PBXShellScriptBuildPhase section */
		09E68A892AFC80EBE9148F8A /* [CP] Check Pods Manifest.lock */ = {
			isa = PBXShellScriptBuildPhase;
			buildActionMask = 2147483647;
			files = (
			);
			inputFileListPaths = (
			);
			inputPaths = (
				"${PODS_PODFILE_DIR_PATH}/Podfile.lock",
				"${PODS_ROOT}/Manifest.lock",
			);
			name = "[CP] Check Pods Manifest.lock";
			outputFileListPaths = (
			);
			outputPaths = (
				"$(DERIVED_FILE_DIR)/Pods-Kex-checkManifestLockResult.txt",
			);
			runOnlyForDeploymentPostprocessing = 0;
			shellPath = /bin/sh;
			shellScript = "diff \"${PODS_PODFILE_DIR_PATH}/Podfile.lock\" \"${PODS_ROOT}/Manifest.lock\" > /dev/null\nif [ $? != 0 ] ; then\n    # print error to STDERR\n    echo \"error: The sandbox is not in sync with the Podfile.lock. Run 'pod install' or update your CocoaPods installation.\" >&2\n    exit 1\nfi\n# This output is used by Xcode 'outputs' to avoid re-running this script phase.\necho \"SUCCESS\" > \"${SCRIPT_OUTPUT_FILE_0}\"\n";
			showEnvVarsInLog = 0;
		};
		0CCFD2470274FC8A748573AA /* [CP] Check Pods Manifest.lock */ = {
			isa = PBXShellScriptBuildPhase;
			buildActionMask = 2147483647;
			files = (
			);
			inputFileListPaths = (
			);
			inputPaths = (
				"${PODS_PODFILE_DIR_PATH}/Podfile.lock",
				"${PODS_ROOT}/Manifest.lock",
			);
			name = "[CP] Check Pods Manifest.lock";
			outputFileListPaths = (
			);
			outputPaths = (
				"$(DERIVED_FILE_DIR)/Pods-KexTests-checkManifestLockResult.txt",
			);
			runOnlyForDeploymentPostprocessing = 0;
			shellPath = /bin/sh;
			shellScript = "diff \"${PODS_PODFILE_DIR_PATH}/Podfile.lock\" \"${PODS_ROOT}/Manifest.lock\" > /dev/null\nif [ $? != 0 ] ; then\n    # print error to STDERR\n    echo \"error: The sandbox is not in sync with the Podfile.lock. Run 'pod install' or update your CocoaPods installation.\" >&2\n    exit 1\nfi\n# This output is used by Xcode 'outputs' to avoid re-running this script phase.\necho \"SUCCESS\" > \"${SCRIPT_OUTPUT_FILE_0}\"\n";
			showEnvVarsInLog = 0;
		};
		0EA0242D390E1A82F1F9A4F4 /* [CP] Embed Pods Frameworks */ = {
			isa = PBXShellScriptBuildPhase;
			buildActionMask = 2147483647;
			files = (
			);
			inputFileListPaths = (
				"${PODS_ROOT}/Target Support Files/Pods-Kex-KexUITests/Pods-Kex-KexUITests-frameworks-${CONFIGURATION}-input-files.xcfilelist",
			);
			name = "[CP] Embed Pods Frameworks";
			outputFileListPaths = (
				"${PODS_ROOT}/Target Support Files/Pods-Kex-KexUITests/Pods-Kex-KexUITests-frameworks-${CONFIGURATION}-output-files.xcfilelist",
			);
			runOnlyForDeploymentPostprocessing = 0;
			shellPath = /bin/sh;
			shellScript = "\"${PODS_ROOT}/Target Support Files/Pods-Kex-KexUITests/Pods-Kex-KexUITests-frameworks.sh\"\n";
			showEnvVarsInLog = 0;
		};
		13389933B5AF149E90291868 /* [CP] Embed Pods Frameworks */ = {
			isa = PBXShellScriptBuildPhase;
			buildActionMask = 2147483647;
			files = (
			);
			inputFileListPaths = (
				"${PODS_ROOT}/Target Support Files/Pods-Kex/Pods-Kex-frameworks-${CONFIGURATION}-input-files.xcfilelist",
			);
			name = "[CP] Embed Pods Frameworks";
			outputFileListPaths = (
				"${PODS_ROOT}/Target Support Files/Pods-Kex/Pods-Kex-frameworks-${CONFIGURATION}-output-files.xcfilelist",
			);
			runOnlyForDeploymentPostprocessing = 0;
			shellPath = /bin/sh;
			shellScript = "\"${PODS_ROOT}/Target Support Files/Pods-Kex/Pods-Kex-frameworks.sh\"\n";
			showEnvVarsInLog = 0;
		};
		E43955410CD7B8ED605FFC39 /* [CP] Check Pods Manifest.lock */ = {
			isa = PBXShellScriptBuildPhase;
			buildActionMask = 2147483647;
			files = (
			);
			inputFileListPaths = (
			);
			inputPaths = (
				"${PODS_PODFILE_DIR_PATH}/Podfile.lock",
				"${PODS_ROOT}/Manifest.lock",
			);
			name = "[CP] Check Pods Manifest.lock";
			outputFileListPaths = (
			);
			outputPaths = (
				"$(DERIVED_FILE_DIR)/Pods-Kex-KexUITests-checkManifestLockResult.txt",
			);
			runOnlyForDeploymentPostprocessing = 0;
			shellPath = /bin/sh;
			shellScript = "diff \"${PODS_PODFILE_DIR_PATH}/Podfile.lock\" \"${PODS_ROOT}/Manifest.lock\" > /dev/null\nif [ $? != 0 ] ; then\n    # print error to STDERR\n    echo \"error: The sandbox is not in sync with the Podfile.lock. Run 'pod install' or update your CocoaPods installation.\" >&2\n    exit 1\nfi\n# This output is used by Xcode 'outputs' to avoid re-running this script phase.\necho \"SUCCESS\" > \"${SCRIPT_OUTPUT_FILE_0}\"\n";
			showEnvVarsInLog = 0;
		};
/* End PBXShellScriptBuildPhase section */

/* Begin PBXSourcesBuildPhase section */
		FEC5473824B96A8E00AEBD9B /* Sources */ = {
			isa = PBXSourcesBuildPhase;
			buildActionMask = 2147483647;
			files = (
				FED2449E24E06AAD00B2B670 /* QuestionRegularCell.swift in Sources */,
				FED244A224E07EE500B2B670 /* CenterCropImageProcessor.swift in Sources */,
				FE0DDD9724DCE9CC0036189A /* QuizType.swift in Sources */,
				FE178EE124C8DCD1002A01A8 /* KexApi.swift in Sources */,
				FE0DDD9524DCE9540036189A /* Question.swift in Sources */,
				FEC5474624B96A8E00AEBD9B /* SecondViewController.swift in Sources */,
				FEC5474424B96A8E00AEBD9B /* FirstViewController.swift in Sources */,
				FEF8E1B624CF573E0010CFA0 /* RegistrationResult.swift in Sources */,
				FE798F7D24C8E72B0061B89C /* LoginRequest.swift in Sources */,
				FEC5474024B96A8E00AEBD9B /* AppDelegate.swift in Sources */,
				FE0DDD9324DCE2930036189A /* QuizViewController.swift in Sources */,
				FEC5477F24BAEFB000AEBD9B /* UserActions.swift in Sources */,
				FEBCC6E624D6167D007CCC14 /* GroupViewCell.swift in Sources */,
				FEDFEFE124C8F33A004A3E0C /* RegistrationRequest.swift in Sources */,
				FEDFEFE324C8F96C004A3E0C /* Sex.swift in Sources */,
				FED244A024E06ACA00B2B670 /* QuestionYouMeCell.swift in Sources */,
				FEC5474224B96A8E00AEBD9B /* SceneDelegate.swift in Sources */,
				FE4D557324D0C5E10037A9BE /* QuizGroup.swift in Sources */,
				FEC5477824B9F6B900AEBD9B /* Authorization.swift in Sources */,
				FEC5477324B973BE00AEBD9B /* RegistrationViewController.swift in Sources */,
			);
			runOnlyForDeploymentPostprocessing = 0;
		};
		FEC5475024B96A8F00AEBD9B /* Sources */ = {
			isa = PBXSourcesBuildPhase;
			buildActionMask = 2147483647;
			files = (
				FEC5475924B96A8F00AEBD9B /* KexTests.swift in Sources */,
			);
			runOnlyForDeploymentPostprocessing = 0;
		};
		FEC5475B24B96A8F00AEBD9B /* Sources */ = {
			isa = PBXSourcesBuildPhase;
			buildActionMask = 2147483647;
			files = (
				FEC5476424B96A8F00AEBD9B /* KexUITests.swift in Sources */,
			);
			runOnlyForDeploymentPostprocessing = 0;
		};
/* End PBXSourcesBuildPhase section */

/* Begin PBXTargetDependency section */
		FEC5475624B96A8F00AEBD9B /* PBXTargetDependency */ = {
			isa = PBXTargetDependency;
			target = FEC5473B24B96A8E00AEBD9B /* Kex */;
			targetProxy = FEC5475524B96A8F00AEBD9B /* PBXContainerItemProxy */;
		};
		FEC5476124B96A8F00AEBD9B /* PBXTargetDependency */ = {
			isa = PBXTargetDependency;
			target = FEC5473B24B96A8E00AEBD9B /* Kex */;
			targetProxy = FEC5476024B96A8F00AEBD9B /* PBXContainerItemProxy */;
		};
/* End PBXTargetDependency section */

/* Begin PBXVariantGroup section */
		FEC5474724B96A8E00AEBD9B /* Main.storyboard */ = {
			isa = PBXVariantGroup;
			children = (
				FEC5474824B96A8E00AEBD9B /* Base */,
			);
			name = Main.storyboard;
			sourceTree = "<group>";
		};
		FEC5474C24B96A8F00AEBD9B /* LaunchScreen.storyboard */ = {
			isa = PBXVariantGroup;
			children = (
				FEC5474D24B96A8F00AEBD9B /* Base */,
			);
			name = LaunchScreen.storyboard;
			sourceTree = "<group>";
		};
/* End PBXVariantGroup section */

/* Begin XCBuildConfiguration section */
		FEC5476624B96A8F00AEBD9B /* Debug */ = {
			isa = XCBuildConfiguration;
			buildSettings = {
				ALWAYS_SEARCH_USER_PATHS = NO;
				CLANG_ANALYZER_NONNULL = YES;
				CLANG_ANALYZER_NUMBER_OBJECT_CONVERSION = YES_AGGRESSIVE;
				CLANG_CXX_LANGUAGE_STANDARD = "gnu++14";
				CLANG_CXX_LIBRARY = "libc++";
				CLANG_ENABLE_MODULES = YES;
				CLANG_ENABLE_OBJC_ARC = YES;
				CLANG_ENABLE_OBJC_WEAK = YES;
				CLANG_WARN_BLOCK_CAPTURE_AUTORELEASING = YES;
				CLANG_WARN_BOOL_CONVERSION = YES;
				CLANG_WARN_COMMA = YES;
				CLANG_WARN_CONSTANT_CONVERSION = YES;
				CLANG_WARN_DEPRECATED_OBJC_IMPLEMENTATIONS = YES;
				CLANG_WARN_DIRECT_OBJC_ISA_USAGE = YES_ERROR;
				CLANG_WARN_DOCUMENTATION_COMMENTS = YES;
				CLANG_WARN_EMPTY_BODY = YES;
				CLANG_WARN_ENUM_CONVERSION = YES;
				CLANG_WARN_INFINITE_RECURSION = YES;
				CLANG_WARN_INT_CONVERSION = YES;
				CLANG_WARN_NON_LITERAL_NULL_CONVERSION = YES;
				CLANG_WARN_OBJC_IMPLICIT_RETAIN_SELF = YES;
				CLANG_WARN_OBJC_LITERAL_CONVERSION = YES;
				CLANG_WARN_OBJC_ROOT_CLASS = YES_ERROR;
				CLANG_WARN_RANGE_LOOP_ANALYSIS = YES;
				CLANG_WARN_STRICT_PROTOTYPES = YES;
				CLANG_WARN_SUSPICIOUS_MOVE = YES;
				CLANG_WARN_UNGUARDED_AVAILABILITY = YES_AGGRESSIVE;
				CLANG_WARN_UNREACHABLE_CODE = YES;
				CLANG_WARN__DUPLICATE_METHOD_MATCH = YES;
				COPY_PHASE_STRIP = NO;
				DEBUG_INFORMATION_FORMAT = dwarf;
				ENABLE_STRICT_OBJC_MSGSEND = YES;
				ENABLE_TESTABILITY = YES;
				GCC_C_LANGUAGE_STANDARD = gnu11;
				GCC_DYNAMIC_NO_PIC = NO;
				GCC_NO_COMMON_BLOCKS = YES;
				GCC_OPTIMIZATION_LEVEL = 0;
				GCC_PREPROCESSOR_DEFINITIONS = (
					"DEBUG=1",
					"$(inherited)",
				);
				GCC_WARN_64_TO_32_BIT_CONVERSION = YES;
				GCC_WARN_ABOUT_RETURN_TYPE = YES_ERROR;
				GCC_WARN_UNDECLARED_SELECTOR = YES;
				GCC_WARN_UNINITIALIZED_AUTOS = YES_AGGRESSIVE;
				GCC_WARN_UNUSED_FUNCTION = YES;
				GCC_WARN_UNUSED_VARIABLE = YES;
				IPHONEOS_DEPLOYMENT_TARGET = 13.2;
				MTL_ENABLE_DEBUG_INFO = INCLUDE_SOURCE;
				MTL_FAST_MATH = YES;
				ONLY_ACTIVE_ARCH = YES;
				SDKROOT = iphoneos;
				SWIFT_ACTIVE_COMPILATION_CONDITIONS = DEBUG;
				SWIFT_OPTIMIZATION_LEVEL = "-Onone";
			};
			name = Debug;
		};
		FEC5476724B96A8F00AEBD9B /* Release */ = {
			isa = XCBuildConfiguration;
			buildSettings = {
				ALWAYS_SEARCH_USER_PATHS = NO;
				CLANG_ANALYZER_NONNULL = YES;
				CLANG_ANALYZER_NUMBER_OBJECT_CONVERSION = YES_AGGRESSIVE;
				CLANG_CXX_LANGUAGE_STANDARD = "gnu++14";
				CLANG_CXX_LIBRARY = "libc++";
				CLANG_ENABLE_MODULES = YES;
				CLANG_ENABLE_OBJC_ARC = YES;
				CLANG_ENABLE_OBJC_WEAK = YES;
				CLANG_WARN_BLOCK_CAPTURE_AUTORELEASING = YES;
				CLANG_WARN_BOOL_CONVERSION = YES;
				CLANG_WARN_COMMA = YES;
				CLANG_WARN_CONSTANT_CONVERSION = YES;
				CLANG_WARN_DEPRECATED_OBJC_IMPLEMENTATIONS = YES;
				CLANG_WARN_DIRECT_OBJC_ISA_USAGE = YES_ERROR;
				CLANG_WARN_DOCUMENTATION_COMMENTS = YES;
				CLANG_WARN_EMPTY_BODY = YES;
				CLANG_WARN_ENUM_CONVERSION = YES;
				CLANG_WARN_INFINITE_RECURSION = YES;
				CLANG_WARN_INT_CONVERSION = YES;
				CLANG_WARN_NON_LITERAL_NULL_CONVERSION = YES;
				CLANG_WARN_OBJC_IMPLICIT_RETAIN_SELF = YES;
				CLANG_WARN_OBJC_LITERAL_CONVERSION = YES;
				CLANG_WARN_OBJC_ROOT_CLASS = YES_ERROR;
				CLANG_WARN_RANGE_LOOP_ANALYSIS = YES;
				CLANG_WARN_STRICT_PROTOTYPES = YES;
				CLANG_WARN_SUSPICIOUS_MOVE = YES;
				CLANG_WARN_UNGUARDED_AVAILABILITY = YES_AGGRESSIVE;
				CLANG_WARN_UNREACHABLE_CODE = YES;
				CLANG_WARN__DUPLICATE_METHOD_MATCH = YES;
				COPY_PHASE_STRIP = NO;
				DEBUG_INFORMATION_FORMAT = "dwarf-with-dsym";
				ENABLE_NS_ASSERTIONS = NO;
				ENABLE_STRICT_OBJC_MSGSEND = YES;
				GCC_C_LANGUAGE_STANDARD = gnu11;
				GCC_NO_COMMON_BLOCKS = YES;
				GCC_WARN_64_TO_32_BIT_CONVERSION = YES;
				GCC_WARN_ABOUT_RETURN_TYPE = YES_ERROR;
				GCC_WARN_UNDECLARED_SELECTOR = YES;
				GCC_WARN_UNINITIALIZED_AUTOS = YES_AGGRESSIVE;
				GCC_WARN_UNUSED_FUNCTION = YES;
				GCC_WARN_UNUSED_VARIABLE = YES;
				IPHONEOS_DEPLOYMENT_TARGET = 13.2;
				MTL_ENABLE_DEBUG_INFO = NO;
				MTL_FAST_MATH = YES;
				SDKROOT = iphoneos;
				SWIFT_COMPILATION_MODE = wholemodule;
				SWIFT_OPTIMIZATION_LEVEL = "-O";
				VALIDATE_PRODUCT = YES;
			};
			name = Release;
		};
		FEC5476924B96A8F00AEBD9B /* Debug */ = {
			isa = XCBuildConfiguration;
			baseConfigurationReference = BF1B26E97721241A6D6A1C93 /* Pods-Kex.debug.xcconfig */;
			buildSettings = {
				ASSETCATALOG_COMPILER_APPICON_NAME = AppIcon;
				CODE_SIGN_STYLE = Automatic;
				INFOPLIST_FILE = Kex/Info.plist;
				LD_RUNPATH_SEARCH_PATHS = (
					"$(inherited)",
					"@executable_path/Frameworks",
				);
				MARKETING_VERSION = 0.1;
				PRODUCT_BUNDLE_IDENTIFIER = karam.Kex;
				PRODUCT_NAME = "$(TARGET_NAME)";
				SWIFT_VERSION = 5.0;
				TARGETED_DEVICE_FAMILY = "1,2";
			};
			name = Debug;
		};
		FEC5476A24B96A8F00AEBD9B /* Release */ = {
			isa = XCBuildConfiguration;
			baseConfigurationReference = 32AC3FF16C40091DBFAD507E /* Pods-Kex.release.xcconfig */;
			buildSettings = {
				ASSETCATALOG_COMPILER_APPICON_NAME = AppIcon;
				CODE_SIGN_STYLE = Automatic;
				INFOPLIST_FILE = Kex/Info.plist;
				LD_RUNPATH_SEARCH_PATHS = (
					"$(inherited)",
					"@executable_path/Frameworks",
				);
				MARKETING_VERSION = 0.1;
				PRODUCT_BUNDLE_IDENTIFIER = karam.Kex;
				PRODUCT_NAME = "$(TARGET_NAME)";
				SWIFT_VERSION = 5.0;
				TARGETED_DEVICE_FAMILY = "1,2";
			};
			name = Release;
		};
		FEC5476C24B96A8F00AEBD9B /* Debug */ = {
			isa = XCBuildConfiguration;
			baseConfigurationReference = 39B4A47648C8051F0CEEE3DA /* Pods-KexTests.debug.xcconfig */;
			buildSettings = {
				ALWAYS_EMBED_SWIFT_STANDARD_LIBRARIES = YES;
				BUNDLE_LOADER = "$(TEST_HOST)";
				CODE_SIGN_STYLE = Automatic;
				INFOPLIST_FILE = KexTests/Info.plist;
				IPHONEOS_DEPLOYMENT_TARGET = 13.2;
				LD_RUNPATH_SEARCH_PATHS = (
					"$(inherited)",
					"@executable_path/Frameworks",
					"@loader_path/Frameworks",
				);
				PRODUCT_BUNDLE_IDENTIFIER = karam.KexTests;
				PRODUCT_NAME = "$(TARGET_NAME)";
				SWIFT_VERSION = 5.0;
				TARGETED_DEVICE_FAMILY = "1,2";
				TEST_HOST = "$(BUILT_PRODUCTS_DIR)/Kex.app/Kex";
			};
			name = Debug;
		};
		FEC5476D24B96A8F00AEBD9B /* Release */ = {
			isa = XCBuildConfiguration;
			baseConfigurationReference = CC204FD24ECD90B7C1D41D70 /* Pods-KexTests.release.xcconfig */;
			buildSettings = {
				ALWAYS_EMBED_SWIFT_STANDARD_LIBRARIES = YES;
				BUNDLE_LOADER = "$(TEST_HOST)";
				CODE_SIGN_STYLE = Automatic;
				INFOPLIST_FILE = KexTests/Info.plist;
				IPHONEOS_DEPLOYMENT_TARGET = 13.2;
				LD_RUNPATH_SEARCH_PATHS = (
					"$(inherited)",
					"@executable_path/Frameworks",
					"@loader_path/Frameworks",
				);
				PRODUCT_BUNDLE_IDENTIFIER = karam.KexTests;
				PRODUCT_NAME = "$(TARGET_NAME)";
				SWIFT_VERSION = 5.0;
				TARGETED_DEVICE_FAMILY = "1,2";
				TEST_HOST = "$(BUILT_PRODUCTS_DIR)/Kex.app/Kex";
			};
			name = Release;
		};
		FEC5476F24B96A8F00AEBD9B /* Debug */ = {
			isa = XCBuildConfiguration;
			baseConfigurationReference = 996E10FD571981C83FDF7AEA /* Pods-Kex-KexUITests.debug.xcconfig */;
			buildSettings = {
				ALWAYS_EMBED_SWIFT_STANDARD_LIBRARIES = YES;
				CODE_SIGN_STYLE = Automatic;
				INFOPLIST_FILE = KexUITests/Info.plist;
				LD_RUNPATH_SEARCH_PATHS = (
					"$(inherited)",
					"@executable_path/Frameworks",
					"@loader_path/Frameworks",
				);
				PRODUCT_BUNDLE_IDENTIFIER = karam.KexUITests;
				PRODUCT_NAME = "$(TARGET_NAME)";
				SWIFT_VERSION = 5.0;
				TARGETED_DEVICE_FAMILY = "1,2";
				TEST_TARGET_NAME = Kex;
			};
			name = Debug;
		};
		FEC5477024B96A8F00AEBD9B /* Release */ = {
			isa = XCBuildConfiguration;
			baseConfigurationReference = 28EE4BB6F4E9CB5913AE482F /* Pods-Kex-KexUITests.release.xcconfig */;
			buildSettings = {
				ALWAYS_EMBED_SWIFT_STANDARD_LIBRARIES = YES;
				CODE_SIGN_STYLE = Automatic;
				INFOPLIST_FILE = KexUITests/Info.plist;
				LD_RUNPATH_SEARCH_PATHS = (
					"$(inherited)",
					"@executable_path/Frameworks",
					"@loader_path/Frameworks",
				);
				PRODUCT_BUNDLE_IDENTIFIER = karam.KexUITests;
				PRODUCT_NAME = "$(TARGET_NAME)";
				SWIFT_VERSION = 5.0;
				TARGETED_DEVICE_FAMILY = "1,2";
				TEST_TARGET_NAME = Kex;
			};
			name = Release;
		};
/* End XCBuildConfiguration section */

/* Begin XCConfigurationList section */
		FEC5473724B96A8E00AEBD9B /* Build configuration list for PBXProject "Kex" */ = {
			isa = XCConfigurationList;
			buildConfigurations = (
				FEC5476624B96A8F00AEBD9B /* Debug */,
				FEC5476724B96A8F00AEBD9B /* Release */,
			);
			defaultConfigurationIsVisible = 0;
			defaultConfigurationName = Release;
		};
		FEC5476824B96A8F00AEBD9B /* Build configuration list for PBXNativeTarget "Kex" */ = {
			isa = XCConfigurationList;
			buildConfigurations = (
				FEC5476924B96A8F00AEBD9B /* Debug */,
				FEC5476A24B96A8F00AEBD9B /* Release */,
			);
			defaultConfigurationIsVisible = 0;
			defaultConfigurationName = Release;
		};
		FEC5476B24B96A8F00AEBD9B /* Build configuration list for PBXNativeTarget "KexTests" */ = {
			isa = XCConfigurationList;
			buildConfigurations = (
				FEC5476C24B96A8F00AEBD9B /* Debug */,
				FEC5476D24B96A8F00AEBD9B /* Release */,
			);
			defaultConfigurationIsVisible = 0;
			defaultConfigurationName = Release;
		};
		FEC5476E24B96A8F00AEBD9B /* Build configuration list for PBXNativeTarget "KexUITests" */ = {
			isa = XCConfigurationList;
			buildConfigurations = (
				FEC5476F24B96A8F00AEBD9B /* Debug */,
				FEC5477024B96A8F00AEBD9B /* Release */,
			);
			defaultConfigurationIsVisible = 0;
			defaultConfigurationName = Release;
		};
/* End XCConfigurationList section */
	};
	rootObject = FEC5473424B96A8E00AEBD9B /* Project object */;
}
